
Microsoft Visual Studio Solution File, Format Version 12.00
# Visual Studio Version 17
VisualStudioVersion = 17.8.34330.188
MinimumVisualStudioVersion = 10.0.40219.1
Project("{9A19103F-16F7-4668-BE54-9A1E7A4F7556}") = "WebAPI", "WebAPI\WebAPI.csproj", "{46B2A50D-FEDF-4881-A6C1-6B0E1A33B3C2}"
EndProject
Global
	GlobalSection(SolutionConfigurationPlatforms) = preSolution
		Debug|Any CPU = Debug|Any CPU
		Release|Any CPU = Release|Any CPU
	EndGlobalSection
	GlobalSection(ProjectConfigurationPlatforms) = postSolution
		{46B2A50D-FEDF-4881-A6C1-6B0E1A33B3C2}.Debug|Any CPU.ActiveCfg = Debug|Any CPU
		{46B2A50D-FEDF-4881-A6C1-6B0E1A33B3C2}.Debug|Any CPU.Build.0 = Debug|Any CPU
		{46B2A50D-FEDF-4881-A6C1-6B0E1A33B3C2}.Release|Any CPU.ActiveCfg = Release|Any CPU
		{46B2A50D-FEDF-4881-A6C1-6B0E1A33B3C2}.Release|Any CPU.Build.0 = Release|Any CPU
	EndGlobalSection
	GlobalSection(SolutionProperties) = preSolution
		HideSolutionNode = FALSE
	EndGlobalSection
	GlobalSection(ExtensibilityGlobals) = postSolution
		SolutionGuid = {18398950-5BA5-42F1-A07C-502E4F53C7B2}
	EndGlobalSection
EndGlobal
